
Microsoft Visual Studio Solution File, Format Version 12.00
# Visual Studio 15
VisualStudioVersion = 15.0.27428.2027
MinimumVisualStudioVersion = 10.0.40219.1
Project("{8BC9CEB8-8B4A-11D0-8D11-00A0C91BC942}") = "dataStructure", "dataStructure.vcxproj", "{6D31F851-A8D9-49C7-BF9A-731EFA9F2169}"
EndProject
Project("{8BC9CEB8-8B4A-11D0-8D11-00A0C91BC942}") = "testProject", "..\testProject\testProject.vcxproj", "{D5625AA8-5ABF-4F40-B51B-9AD8D0F7F8C8}"
EndProject
Global
	GlobalSection(SolutionConfigurationPlatforms) = preSolution
		Debug|x64 = Debug|x64
		Debug|x86 = Debug|x86
		Release|x64 = Release|x64
		Release|x86 = Release|x86
	EndGlobalSection
	GlobalSection(ProjectConfigurationPlatforms) = postSolution
		{6D31F851-A8D9-49C7-BF9A-731EFA9F2169}.Debug|x64.ActiveCfg = Debug|x64
		{6D31F851-A8D9-49C7-BF9A-731EFA9F2169}.Debug|x64.Build.0 = Debug|x64
		{6D31F851-A8D9-49C7-BF9A-731EFA9F2169}.Debug|x86.ActiveCfg = Debug|Win32
		{6D31F851-A8D9-49C7-BF9A-731EFA9F2169}.Debug|x86.Build.0 = Debug|Win32
		{6D31F851-A8D9-49C7-BF9A-731EFA9F2169}.Release|x64.ActiveCfg = Release|x64
		{6D31F851-A8D9-49C7-BF9A-731EFA9F2169}.Release|x64.Build.0 = Release|x64
		{6D31F851-A8D9-49C7-BF9A-731EFA9F2169}.Release|x86.ActiveCfg = Release|Win32
		{6D31F851-A8D9-49C7-BF9A-731EFA9F2169}.Release|x86.Build.0 = Release|Win32
		{D5625AA8-5ABF-4F40-B51B-9AD8D0F7F8C8}.Debug|x64.ActiveCfg = Debug|x64
		{D5625AA8-5ABF-4F40-B51B-9AD8D0F7F8C8}.Debug|x64.Build.0 = Debug|x64
		{D5625AA8-5ABF-4F40-B51B-9AD8D0F7F8C8}.Debug|x86.ActiveCfg = Debug|Win32
		{D5625AA8-5ABF-4F40-B51B-9AD8D0F7F8C8}.Debug|x86.Build.0 = Debug|Win32
		{D5625AA8-5ABF-4F40-B51B-9AD8D0F7F8C8}.Release|x64.ActiveCfg = Release|x64
		{D5625AA8-5ABF-4F40-B51B-9AD8D0F7F8C8}.Release|x64.Build.0 = Release|x64
		{D5625AA8-5ABF-4F40-B51B-9AD8D0F7F8C8}.Release|x86.ActiveCfg = Release|Win32
		{D5625AA8-5ABF-4F40-B51B-9AD8D0F7F8C8}.Release|x86.Build.0 = Release|Win32
	EndGlobalSection
	GlobalSection(SolutionProperties) = preSolution
		HideSolutionNode = FALSE
	EndGlobalSection
	GlobalSection(ExtensibilityGlobals) = postSolution
		SolutionGuid = {2E377EBA-EB1C-4B3B-9757-271088E52CFE}
	EndGlobalSection
EndGlobal
